
Microsoft Visual Studio Solution File, Format Version 12.00
# Visual Studio Version 17
VisualStudioVersion = 17.3.32825.248
MinimumVisualStudioVersion = 10.0.40219.1
Project("{FAE04EC0-301F-11D3-BF4B-00C04F79EFBC}") = "AsyncAwaitWPF", "AsyncAwaitWPF\AsyncAwaitWPF.csproj", "{699B971E-61E4-42F7-B715-2372A0968710}"
EndProject
Global
	GlobalSection(SolutionConfigurationPlatforms) = preSolution
		Debug|Any CPU = Debug|Any CPU
		Release|Any CPU = Release|Any CPU
	EndGlobalSection
	GlobalSection(ProjectConfigurationPlatforms) = postSolution
		{699B971E-61E4-42F7-B715-2372A0968710}.Debug|Any CPU.ActiveCfg = Debug|Any CPU
		{699B971E-61E4-42F7-B715-2372A0968710}.Debug|Any CPU.Build.0 = Debug|Any CPU
		{699B971E-61E4-42F7-B715-2372A0968710}.Release|Any CPU.ActiveCfg = Release|Any CPU
		{699B971E-61E4-42F7-B715-2372A0968710}.Release|Any CPU.Build.0 = Release|Any CPU
	EndGlobalSection
	GlobalSection(SolutionProperties) = preSolution
		HideSolutionNode = FALSE
	EndGlobalSection
	GlobalSection(ExtensibilityGlobals) = postSolution
		SolutionGuid = {64560F26-889E-4F79-84A2-7F664C6A9C92}
	EndGlobalSection
EndGlobal
